
Microsoft Visual Studio Solution File, Format Version 12.00
# Visual Studio 15
VisualStudioVersion = 15.0.27004.2008
MinimumVisualStudioVersion = 10.0.40219.1
Project("{FAE04EC0-301F-11D3-BF4B-00C04F79EFBC}") = "SynkDemo", "SynkDemo\SynkDemo.csproj", "{83667459-D4DD-4258-9376-FD24F39571BF}"
EndProject
Project("{9A19103F-16F7-4668-BE54-9A1E7A4F7556}") = "SynkServer", "SynkServer\SynkServer.csproj", "{B9AA0B55-4D5D-4151-BF9A-AEC1999DE217}"
EndProject
Project("{FAE04EC0-301F-11D3-BF4B-00C04F79EFBC}") = "SynkMVC", "SynkMVC\SynkMVC.csproj", "{D2E0227C-F3F6-454C-BAF1-C677C8E83D6E}"
EndProject
Global
	GlobalSection(SolutionConfigurationPlatforms) = preSolution
		Debug|Any CPU = Debug|Any CPU
		Release|Any CPU = Release|Any CPU
	EndGlobalSection
	GlobalSection(ProjectConfigurationPlatforms) = postSolution
		{83667459-D4DD-4258-9376-FD24F39571BF}.Debug|Any CPU.ActiveCfg = Debug|Any CPU
		{83667459-D4DD-4258-9376-FD24F39571BF}.Debug|Any CPU.Build.0 = Debug|Any CPU
		{83667459-D4DD-4258-9376-FD24F39571BF}.Release|Any CPU.ActiveCfg = Release|Any CPU
		{83667459-D4DD-4258-9376-FD24F39571BF}.Release|Any CPU.Build.0 = Release|Any CPU
		{B9AA0B55-4D5D-4151-BF9A-AEC1999DE217}.Debug|Any CPU.ActiveCfg = Debug|Any CPU
		{B9AA0B55-4D5D-4151-BF9A-AEC1999DE217}.Debug|Any CPU.Build.0 = Debug|Any CPU
		{B9AA0B55-4D5D-4151-BF9A-AEC1999DE217}.Release|Any CPU.ActiveCfg = Release|Any CPU
		{B9AA0B55-4D5D-4151-BF9A-AEC1999DE217}.Release|Any CPU.Build.0 = Release|Any CPU
		{D2E0227C-F3F6-454C-BAF1-C677C8E83D6E}.Debug|Any CPU.ActiveCfg = Debug|Any CPU
		{D2E0227C-F3F6-454C-BAF1-C677C8E83D6E}.Debug|Any CPU.Build.0 = Debug|Any CPU
		{D2E0227C-F3F6-454C-BAF1-C677C8E83D6E}.Release|Any CPU.ActiveCfg = Release|Any CPU
		{D2E0227C-F3F6-454C-BAF1-C677C8E83D6E}.Release|Any CPU.Build.0 = Release|Any CPU
	EndGlobalSection
	GlobalSection(SolutionProperties) = preSolution
		HideSolutionNode = FALSE
	EndGlobalSection
	GlobalSection(ExtensibilityGlobals) = postSolution
		SolutionGuid = {3E98DF56-3212-42A9-B4F7-2905B97EEAF3}
	EndGlobalSection
EndGlobal
